
Microsoft Visual Studio Solution File, Format Version 12.00
# Visual Studio Version 16
VisualStudioVersion = 16.0.30907.101
MinimumVisualStudioVersion = 10.0.40219.1
Project("{FAE04EC0-301F-11D3-BF4B-00C04F79EFBC}") = "BlazorNotifications", "BlazorNotifications\BlazorNotifications.csproj", "{1A384654-0B7F-43F1-B9DC-106B7EFF86DA}"
EndProject
Global
	GlobalSection(SolutionConfigurationPlatforms) = preSolution
		Debug|Any CPU = Debug|Any CPU
		Release|Any CPU = Release|Any CPU
	EndGlobalSection
	GlobalSection(ProjectConfigurationPlatforms) = postSolution
		{1A384654-0B7F-43F1-B9DC-106B7EFF86DA}.Debug|Any CPU.ActiveCfg = Debug|Any CPU
		{1A384654-0B7F-43F1-B9DC-106B7EFF86DA}.Debug|Any CPU.Build.0 = Debug|Any CPU
		{1A384654-0B7F-43F1-B9DC-106B7EFF86DA}.Release|Any CPU.ActiveCfg = Release|Any CPU
		{1A384654-0B7F-43F1-B9DC-106B7EFF86DA}.Release|Any CPU.Build.0 = Release|Any CPU
	EndGlobalSection
	GlobalSection(SolutionProperties) = preSolution
		HideSolutionNode = FALSE
	EndGlobalSection
	GlobalSection(ExtensibilityGlobals) = postSolution
		SolutionGuid = {2274AE24-189B-441D-B4BB-494B64129DC6}
	EndGlobalSection
EndGlobal
